
Microsoft Visual Studio Solution File, Format Version 12.00
# Visual Studio Version 17
VisualStudioVersion = 17.4.33103.184
MinimumVisualStudioVersion = 10.0.40219.1
Project("{FAE04EC0-301F-11D3-BF4B-00C04F79EFBC}") = "RobotSpider", "RobotVaccumCleaner\RobotSpider.csproj", "{8AE25DDB-A7B8-410C-8F4B-79E38355A511}"
EndProject
Project("{FAE04EC0-301F-11D3-BF4B-00C04F79EFBC}") = "Forfront.Apps.Spiders", "Forfront.Apps.SpiderTest\Forfront.Apps.Spiders.csproj", "{D63E587E-9500-4AD3-9AF8-DA5D70469A95}"
EndProject
Project("{FAE04EC0-301F-11D3-BF4B-00C04F79EFBC}") = "Forfront.Apps.SpidersTests", "Forfront.Apps.SpiderTestTests\Forfront.Apps.SpidersTests.csproj", "{3088F6E2-04CF-4245-BFF0-E6548986CB4C}"
EndProject
Project("{FAE04EC0-301F-11D3-BF4B-00C04F79EFBC}") = "Forfront.Apps.Spiders.Validators", "Forfront.Apps.SpiderTest.Validators\Forfront.Apps.Spiders.Validators.csproj", "{156C7E4B-9EBC-4DEF-B173-DC48371CF6FA}"
EndProject
Project("{FAE04EC0-301F-11D3-BF4B-00C04F79EFBC}") = "Forfront.Apps.Spider.Common", "Forfront.Apps.Spider.Common\Forfront.Apps.Spider.Common.csproj", "{B72EA9A2-9599-46A5-88DB-30A5C1D2DF19}"
EndProject
Global
	GlobalSection(SolutionConfigurationPlatforms) = preSolution
		Debug|Any CPU = Debug|Any CPU
		Release|Any CPU = Release|Any CPU
	EndGlobalSection
	GlobalSection(ProjectConfigurationPlatforms) = postSolution
		{8AE25DDB-A7B8-410C-8F4B-79E38355A511}.Debug|Any CPU.ActiveCfg = Debug|Any CPU
		{8AE25DDB-A7B8-410C-8F4B-79E38355A511}.Debug|Any CPU.Build.0 = Debug|Any CPU
		{8AE25DDB-A7B8-410C-8F4B-79E38355A511}.Release|Any CPU.ActiveCfg = Release|Any CPU
		{8AE25DDB-A7B8-410C-8F4B-79E38355A511}.Release|Any CPU.Build.0 = Release|Any CPU
		{D63E587E-9500-4AD3-9AF8-DA5D70469A95}.Debug|Any CPU.ActiveCfg = Debug|Any CPU
		{D63E587E-9500-4AD3-9AF8-DA5D70469A95}.Debug|Any CPU.Build.0 = Debug|Any CPU
		{D63E587E-9500-4AD3-9AF8-DA5D70469A95}.Release|Any CPU.ActiveCfg = Release|Any CPU
		{D63E587E-9500-4AD3-9AF8-DA5D70469A95}.Release|Any CPU.Build.0 = Release|Any CPU
		{3088F6E2-04CF-4245-BFF0-E6548986CB4C}.Debug|Any CPU.ActiveCfg = Debug|Any CPU
		{3088F6E2-04CF-4245-BFF0-E6548986CB4C}.Debug|Any CPU.Build.0 = Debug|Any CPU
		{3088F6E2-04CF-4245-BFF0-E6548986CB4C}.Release|Any CPU.ActiveCfg = Release|Any CPU
		{3088F6E2-04CF-4245-BFF0-E6548986CB4C}.Release|Any CPU.Build.0 = Release|Any CPU
		{156C7E4B-9EBC-4DEF-B173-DC48371CF6FA}.Debug|Any CPU.ActiveCfg = Debug|Any CPU
		{156C7E4B-9EBC-4DEF-B173-DC48371CF6FA}.Debug|Any CPU.Build.0 = Debug|Any CPU
		{156C7E4B-9EBC-4DEF-B173-DC48371CF6FA}.Release|Any CPU.ActiveCfg = Release|Any CPU
		{156C7E4B-9EBC-4DEF-B173-DC48371CF6FA}.Release|Any CPU.Build.0 = Release|Any CPU
		{B72EA9A2-9599-46A5-88DB-30A5C1D2DF19}.Debug|Any CPU.ActiveCfg = Debug|Any CPU
		{B72EA9A2-9599-46A5-88DB-30A5C1D2DF19}.Debug|Any CPU.Build.0 = Debug|Any CPU
		{B72EA9A2-9599-46A5-88DB-30A5C1D2DF19}.Release|Any CPU.ActiveCfg = Release|Any CPU
		{B72EA9A2-9599-46A5-88DB-30A5C1D2DF19}.Release|Any CPU.Build.0 = Release|Any CPU
	EndGlobalSection
	GlobalSection(SolutionProperties) = preSolution
		HideSolutionNode = FALSE
	EndGlobalSection
	GlobalSection(ExtensibilityGlobals) = postSolution
		SolutionGuid = {EB24E00B-10D7-4352-A0C0-E4D65E3C2473}
	EndGlobalSection
EndGlobal
